<?xml version="1.0" encoding="utf-8"?>
<Project ToolsVersion="4.0" xmlns="http://schemas.microsoft.com/developer/msbuild/2003">
  <ItemGroup>
    <CudaCompile Include="layer.cu">
      <Filter>layer</Filter>
    </CudaCompile>
    <CudaCompile Include="dense.cu">
      <Filter>layer</Filter>
    </CudaCompile>
    <CudaCompile Include="activation.cu">
      <Filter>layer</Filter>
    </CudaCompile>
    <CudaCompile Include="softmax.cu">
      <Filter>layer</Filter>
    </CudaCompile>
    <CudaCompile Include="blob.cuh">
      <Filter>utility</Filter>
    </CudaCompile>
    <CudaCompile Include="loss.cu">
      <Filter>utility</Filter>
    </CudaCompile>
    <CudaCompile Include="mnist.cu">
      <Filter>utility</Filter>
    </CudaCompile>
    <CudaCompile Include="network.cu">
      <Filter>network</Filter>
    </CudaCompile>
    <CudaCompile Include="train.cu" />
    <CudaCompile Include="conv2d.cu">
      <Filter>layer</Filter>
    </CudaCompile>
    <CudaCompile Include="pooling.cu">
      <Filter>layer</Filter>
    </CudaCompile>
  </ItemGroup>
  <ItemGroup>
    <ClInclude Include="dense.cuh">
      <Filter>layer</Filter>
    </ClInclude>
    <ClInclude Include="layer.cuh">
      <Filter>layer</Filter>
    </ClInclude>
    <ClInclude Include="activation.cuh">
      <Filter>layer</Filter>
    </ClInclude>
    <ClInclude Include="softmax.cuh">
      <Filter>layer</Filter>
    </ClInclude>
    <ClInclude Include="helper.cuh">
      <Filter>utility</Filter>
    </ClInclude>
    <ClInclude Include="loss.cuh">
      <Filter>utility</Filter>
    </ClInclude>
    <ClInclude Include="mnist.cuh">
      <Filter>utility</Filter>
    </ClInclude>
    <ClInclude Include="network.cuh">
      <Filter>network</Filter>
    </ClInclude>
    <ClInclude Include="conv2d.cuh">
      <Filter>layer</Filter>
    </ClInclude>
    <ClInclude Include="pooling.cuh">
      <Filter>layer</Filter>
    </ClInclude>
  </ItemGroup>
  <ItemGroup>
    <Filter Include="layer">
      <UniqueIdentifier>{8dc77f1d-7f28-44fb-856d-b57625a4ea1d}</UniqueIdentifier>
    </Filter>
    <Filter Include="utility">
      <UniqueIdentifier>{d65b5556-4875-4dd8-a587-d619fcfc9603}</UniqueIdentifier>
    </Filter>
    <Filter Include="network">
      <UniqueIdentifier>{ac19b152-9721-43ea-b4f7-19b86e73fb17}</UniqueIdentifier>
    </Filter>
  </ItemGroup>
</Project>