<?xml version="1.0" encoding="utf-8"?>
<Project ToolsVersion="4.0" xmlns="http://schemas.microsoft.com/developer/msbuild/2003">
  <ItemGroup>
    <CudaCompile Include="train.cu" />
    <CudaCompile Include="utility\mnist.cu" />
    <CudaCompile Include="utility\loss.cu" />
    <CudaCompile Include="network\network.cu" />
    <CudaCompile Include="layers\softmax.cu" />
    <CudaCompile Include="layers\pooling.cu" />
    <CudaCompile Include="layers\layer.cu" />
    <CudaCompile Include="layers\dense.cu" />
    <CudaCompile Include="layers\conv2d.cu" />
    <CudaCompile Include="layers\activation.cu" />
  </ItemGroup>
  <ItemGroup>
    <Filter Include="layer">
      <UniqueIdentifier>{8dc77f1d-7f28-44fb-856d-b57625a4ea1d}</UniqueIdentifier>
    </Filter>
    <Filter Include="utility">
      <UniqueIdentifier>{d65b5556-4875-4dd8-a587-d619fcfc9603}</UniqueIdentifier>
    </Filter>
    <Filter Include="network">
      <UniqueIdentifier>{ac19b152-9721-43ea-b4f7-19b86e73fb17}</UniqueIdentifier>
    </Filter>
  </ItemGroup>
  <ItemGroup>
    <ClInclude Include="utility\mnist.cuh" />
    <ClInclude Include="utility\blob.cuh" />
    <ClInclude Include="utility\helper.cuh" />
    <ClInclude Include="utility\loss.cuh" />
    <ClInclude Include="network\network.cuh" />
    <ClInclude Include="layers\softmax.cuh" />
    <ClInclude Include="layers\pooling.cuh" />
    <ClInclude Include="layers\layer.cuh" />
    <ClInclude Include="layers\dense.cuh" />
    <ClInclude Include="layers\conv2d.cuh" />
    <ClInclude Include="layers\activation.cuh" />
  </ItemGroup>
</Project>